// !$*UTF8*$!
{
	archiveVersion = 1;
	classes = {
	};
	objectVersion = 50;
	objects = {

/* Begin PBXBuildFile section */
		946E163C24C8284B0060FB90 /* AppDelegate.swift in Sources */ = {isa = PBXBuildFile; fileRef = 946E163B24C8284B0060FB90 /* AppDelegate.swift */; };
		946E163E24C8284B0060FB90 /* SceneDelegate.swift in Sources */ = {isa = PBXBuildFile; fileRef = 946E163D24C8284B0060FB90 /* SceneDelegate.swift */; };
		946E164324C8284B0060FB90 /* Main.storyboard in Resources */ = {isa = PBXBuildFile; fileRef = 946E164124C8284B0060FB90 /* Main.storyboard */; };
		946E164524C8284E0060FB90 /* Assets.xcassets in Resources */ = {isa = PBXBuildFile; fileRef = 946E164424C8284E0060FB90 /* Assets.xcassets */; };
		946E164824C8284E0060FB90 /* LaunchScreen.storyboard in Resources */ = {isa = PBXBuildFile; fileRef = 946E164624C8284E0060FB90 /* LaunchScreen.storyboard */; };
		946E165024C8298C0060FB90 /* MainViewController.swift in Sources */ = {isa = PBXBuildFile; fileRef = 946E164F24C8298C0060FB90 /* MainViewController.swift */; };
		9491582124C82ABD00DEF117 /* ClassicCollectionViewPersonCell.swift in Sources */ = {isa = PBXBuildFile; fileRef = 9491582024C82ABD00DEF117 /* ClassicCollectionViewPersonCell.swift */; };
		9491582524C82BBA00DEF117 /* Person.swift in Sources */ = {isa = PBXBuildFile; fileRef = 9491582424C82BBA00DEF117 /* Person.swift */; };
		9491582724C8513000DEF117 /* NetworkManager.swift in Sources */ = {isa = PBXBuildFile; fileRef = 9491582624C8513000DEF117 /* NetworkManager.swift */; };
		9491582924C85B3300DEF117 /* FilterManager.swift in Sources */ = {isa = PBXBuildFile; fileRef = 9491582824C85B3300DEF117 /* FilterManager.swift */; };
		9491582B24C87D4A00DEF117 /* FullInfoViewController.swift in Sources */ = {isa = PBXBuildFile; fileRef = 9491582A24C87D4A00DEF117 /* FullInfoViewController.swift */; };
/* End PBXBuildFile section */

/* Begin PBXFileReference section */
		946E163824C8284B0060FB90 /* ExamApp2.app */ = {isa = PBXFileReference; explicitFileType = wrapper.application; includeInIndex = 0; path = ExamApp2.app; sourceTree = BUILT_PRODUCTS_DIR; };
		946E163B24C8284B0060FB90 /* AppDelegate.swift */ = {isa = PBXFileReference; lastKnownFileType = sourcecode.swift; path = AppDelegate.swift; sourceTree = "<group>"; };
		946E163D24C8284B0060FB90 /* SceneDelegate.swift */ = {isa = PBXFileReference; lastKnownFileType = sourcecode.swift; path = SceneDelegate.swift; sourceTree = "<group>"; };
		946E164224C8284B0060FB90 /* Base */ = {isa = PBXFileReference; lastKnownFileType = file.storyboard; name = Base; path = Base.lproj/Main.storyboard; sourceTree = "<group>"; };
		946E164424C8284E0060FB90 /* Assets.xcassets */ = {isa = PBXFileReference; lastKnownFileType = folder.assetcatalog; path = Assets.xcassets; sourceTree = "<group>"; };
		946E164724C8284E0060FB90 /* Base */ = {isa = PBXFileReference; lastKnownFileType = file.storyboard; name = Base; path = Base.lproj/LaunchScreen.storyboard; sourceTree = "<group>"; };
		946E164924C8284E0060FB90 /* Info.plist */ = {isa = PBXFileReference; lastKnownFileType = text.plist.xml; path = Info.plist; sourceTree = "<group>"; };
		946E164F24C8298C0060FB90 /* MainViewController.swift */ = {isa = PBXFileReference; lastKnownFileType = sourcecode.swift; path = MainViewController.swift; sourceTree = "<group>"; };
		9491582024C82ABD00DEF117 /* ClassicCollectionViewPersonCell.swift */ = {isa = PBXFileReference; lastKnownFileType = sourcecode.swift; path = ClassicCollectionViewPersonCell.swift; sourceTree = "<group>"; };
		9491582424C82BBA00DEF117 /* Person.swift */ = {isa = PBXFileReference; lastKnownFileType = sourcecode.swift; path = Person.swift; sourceTree = "<group>"; };
		9491582624C8513000DEF117 /* NetworkManager.swift */ = {isa = PBXFileReference; lastKnownFileType = sourcecode.swift; path = NetworkManager.swift; sourceTree = "<group>"; };
		9491582824C85B3300DEF117 /* FilterManager.swift */ = {isa = PBXFileReference; lastKnownFileType = sourcecode.swift; path = FilterManager.swift; sourceTree = "<group>"; };
		9491582A24C87D4A00DEF117 /* FullInfoViewController.swift */ = {isa = PBXFileReference; lastKnownFileType = sourcecode.swift; path = FullInfoViewController.swift; sourceTree = "<group>"; };
/* End PBXFileReference section */

/* Begin PBXFrameworksBuildPhase section */
		946E163524C8284B0060FB90 /* Frameworks */ = {
			isa = PBXFrameworksBuildPhase;
			buildActionMask = 2147483647;
			files = (
			);
			runOnlyForDeploymentPostprocessing = 0;
		};
/* End PBXFrameworksBuildPhase section */

/* Begin PBXGroup section */
		946E162F24C8284A0060FB90 = {
			isa = PBXGroup;
			children = (
				946E163A24C8284B0060FB90 /* ExamApp2 */,
				946E163924C8284B0060FB90 /* Products */,
			);
			sourceTree = "<group>";
		};
		946E163924C8284B0060FB90 /* Products */ = {
			isa = PBXGroup;
			children = (
				946E163824C8284B0060FB90 /* ExamApp2.app */,
			);
			name = Products;
			sourceTree = "<group>";
		};
		946E163A24C8284B0060FB90 /* ExamApp2 */ = {
			isa = PBXGroup;
			children = (
				9491582C24C881C600DEF117 /* Full Info View Controller Group */,
				9491582D24C881D400DEF117 /* Services */,
				9491582E24C881E200DEF117 /* Data Type */,
				946E165124C829990060FB90 /* MainViewController Group */,
				9491582F24C881F100DEF117 /* Storyboards */,
				946E164424C8284E0060FB90 /* Assets.xcassets */,
				946E164624C8284E0060FB90 /* LaunchScreen.storyboard */,
				946E163B24C8284B0060FB90 /* AppDelegate.swift */,
				946E163D24C8284B0060FB90 /* SceneDelegate.swift */,
				946E164924C8284E0060FB90 /* Info.plist */,
			);
			path = ExamApp2;
			sourceTree = "<group>";
		};
		946E165124C829990060FB90 /* MainViewController Group */ = {
			isa = PBXGroup;
			children = (
				946E164F24C8298C0060FB90 /* MainViewController.swift */,
				9491582024C82ABD00DEF117 /* ClassicCollectionViewPersonCell.swift */,
			);
			path = "MainViewController Group";
			sourceTree = "<group>";
		};
		9491582C24C881C600DEF117 /* Full Info View Controller Group */ = {
			isa = PBXGroup;
			children = (
				9491582A24C87D4A00DEF117 /* FullInfoViewController.swift */,
			);
			path = "Full Info View Controller Group";
			sourceTree = "<group>";
		};
		9491582D24C881D400DEF117 /* Services */ = {
			isa = PBXGroup;
			children = (
				9491582824C85B3300DEF117 /* FilterManager.swift */,
				9491582624C8513000DEF117 /* NetworkManager.swift */,
			);
			path = Services;
			sourceTree = "<group>";
		};
		9491582E24C881E200DEF117 /* Data Type */ = {
			isa = PBXGroup;
			children = (
				9491582424C82BBA00DEF117 /* Person.swift */,
			);
			path = "Data Type";
			sourceTree = "<group>";
		};
		9491582F24C881F100DEF117 /* Storyboards */ = {
			isa = PBXGroup;
			children = (
				946E164124C8284B0060FB90 /* Main.storyboard */,
			);
			path = Storyboards;
			sourceTree = "<group>";
		};
/* End PBXGroup section */

/* Begin PBXNativeTarget section */
		946E163724C8284B0060FB90 /* ExamApp2 */ = {
			isa = PBXNativeTarget;
			buildConfigurationList = 946E164C24C8284E0060FB90 /* Build configuration list for PBXNativeTarget "ExamApp2" */;
			buildPhases = (
				946E163424C8284B0060FB90 /* Sources */,
				946E163524C8284B0060FB90 /* Frameworks */,
				946E163624C8284B0060FB90 /* Resources */,
			);
			buildRules = (
			);
			dependencies = (
			);
			name = ExamApp2;
			productName = ExamApp2;
			productReference = 946E163824C8284B0060FB90 /* ExamApp2.app */;
			productType = "com.apple.product-type.application";
		};
/* End PBXNativeTarget section */

/* Begin PBXProject section */
		946E163024C8284A0060FB90 /* Project object */ = {
			isa = PBXProject;
			attributes = {
				LastSwiftUpdateCheck = 1150;
				LastUpgradeCheck = 1150;
				ORGANIZATIONNAME = "Vladislav McKay";
				TargetAttributes = {
					946E163724C8284B0060FB90 = {
						CreatedOnToolsVersion = 11.5;
					};
				};
			};
			buildConfigurationList = 946E163324C8284A0060FB90 /* Build configuration list for PBXProject "ExamApp2" */;
			compatibilityVersion = "Xcode 9.3";
			developmentRegion = en;
			hasScannedForEncodings = 0;
			knownRegions = (
				en,
				Base,
			);
			mainGroup = 946E162F24C8284A0060FB90;
			productRefGroup = 946E163924C8284B0060FB90 /* Products */;
			projectDirPath = "";
			projectRoot = "";
			targets = (
				946E163724C8284B0060FB90 /* ExamApp2 */,
			);
		};
/* End PBXProject section */

/* Begin PBXResourcesBuildPhase section */
		946E163624C8284B0060FB90 /* Resources */ = {
			isa = PBXResourcesBuildPhase;
			buildActionMask = 2147483647;
			files = (
				946E164824C8284E0060FB90 /* LaunchScreen.storyboard in Resources */,
				946E164524C8284E0060FB90 /* Assets.xcassets in Resources */,
				946E164324C8284B0060FB90 /* Main.storyboard in Resources */,
			);
			runOnlyForDeploymentPostprocessing = 0;
		};
/* End PBXResourcesBuildPhase section */

/* Begin PBXSourcesBuildPhase section */
		946E163424C8284B0060FB90 /* Sources */ = {
			isa = PBXSourcesBuildPhase;
			buildActionMask = 2147483647;
			files = (
				9491582724C8513000DEF117 /* NetworkManager.swift in Sources */,
				9491582524C82BBA00DEF117 /* Person.swift in Sources */,
				946E165024C8298C0060FB90 /* MainViewController.swift in Sources */,
				946E163C24C8284B0060FB90 /* AppDelegate.swift in Sources */,
				946E163E24C8284B0060FB90 /* SceneDelegate.swift in Sources */,
				9491582B24C87D4A00DEF117 /* FullInfoViewController.swift in Sources */,
				9491582924C85B3300DEF117 /* FilterManager.swift in Sources */,
				9491582124C82ABD00DEF117 /* ClassicCollectionViewPersonCell.swift in Sources */,
			);
			runOnlyForDeploymentPostprocessing = 0;
		};
/* End PBXSourcesBuildPhase section */

/* Begin PBXVariantGroup section */
		946E164124C8284B0060FB90 /* Main.storyboard */ = {
			isa = PBXVariantGroup;
			children = (
				946E164224C8284B0060FB90 /* Base */,
			);
			name = Main.storyboard;
			sourceTree = "<group>";
		};
		946E164624C8284E0060FB90 /* LaunchScreen.storyboard */ = {
			isa = PBXVariantGroup;
			children = (
				946E164724C8284E0060FB90 /* Base */,
			);
			name = LaunchScreen.storyboard;
			sourceTree = "<group>";
		};
/* End PBXVariantGroup section */

/* Begin XCBuildConfiguration section */
		946E164A24C8284E0060FB90 /* Debug */ = {
			isa = XCBuildConfiguration;
			buildSettings = {
				ALWAYS_SEARCH_USER_PATHS = NO;
				CLANG_ANALYZER_NONNULL = YES;
				CLANG_ANALYZER_NUMBER_OBJECT_CONVERSION = YES_AGGRESSIVE;
				CLANG_CXX_LANGUAGE_STANDARD = "gnu++14";
				CLANG_CXX_LIBRARY = "libc++";
				CLANG_ENABLE_MODULES = YES;
				CLANG_ENABLE_OBJC_ARC = YES;
				CLANG_ENABLE_OBJC_WEAK = YES;
				CLANG_WARN_BLOCK_CAPTURE_AUTORELEASING = YES;
				CLANG_WARN_BOOL_CONVERSION = YES;
				CLANG_WARN_COMMA = YES;
				CLANG_WARN_CONSTANT_CONVERSION = YES;
				CLANG_WARN_DEPRECATED_OBJC_IMPLEMENTATIONS = YES;
				CLANG_WARN_DIRECT_OBJC_ISA_USAGE = YES_ERROR;
				CLANG_WARN_DOCUMENTATION_COMMENTS = YES;
				CLANG_WARN_EMPTY_BODY = YES;
				CLANG_WARN_ENUM_CONVERSION = YES;
				CLANG_WARN_INFINITE_RECURSION = YES;
				CLANG_WARN_INT_CONVERSION = YES;
				CLANG_WARN_NON_LITERAL_NULL_CONVERSION = YES;
				CLANG_WARN_OBJC_IMPLICIT_RETAIN_SELF = YES;
				CLANG_WARN_OBJC_LITERAL_CONVERSION = YES;
				CLANG_WARN_OBJC_ROOT_CLASS = YES_ERROR;
				CLANG_WARN_RANGE_LOOP_ANALYSIS = YES;
				CLANG_WARN_STRICT_PROTOTYPES = YES;
				CLANG_WARN_SUSPICIOUS_MOVE = YES;
				CLANG_WARN_UNGUARDED_AVAILABILITY = YES_AGGRESSIVE;
				CLANG_WARN_UNREACHABLE_CODE = YES;
				CLANG_WARN__DUPLICATE_METHOD_MATCH = YES;
				COPY_PHASE_STRIP = NO;
				DEBUG_INFORMATION_FORMAT = dwarf;
				ENABLE_STRICT_OBJC_MSGSEND = YES;
				ENABLE_TESTABILITY = YES;
				GCC_C_LANGUAGE_STANDARD = gnu11;
				GCC_DYNAMIC_NO_PIC = NO;
				GCC_NO_COMMON_BLOCKS = YES;
				GCC_OPTIMIZATION_LEVEL = 0;
				GCC_PREPROCESSOR_DEFINITIONS = (
					"DEBUG=1",
					"$(inherited)",
				);
				GCC_WARN_64_TO_32_BIT_CONVERSION = YES;
				GCC_WARN_ABOUT_RETURN_TYPE = YES_ERROR;
				GCC_WARN_UNDECLARED_SELECTOR = YES;
				GCC_WARN_UNINITIALIZED_AUTOS = YES_AGGRESSIVE;
				GCC_WARN_UNUSED_FUNCTION = YES;
				GCC_WARN_UNUSED_VARIABLE = YES;
				IPHONEOS_DEPLOYMENT_TARGET = 13.5;
				MTL_ENABLE_DEBUG_INFO = INCLUDE_SOURCE;
				MTL_FAST_MATH = YES;
				ONLY_ACTIVE_ARCH = YES;
				SDKROOT = iphoneos;
				SWIFT_ACTIVE_COMPILATION_CONDITIONS = DEBUG;
				SWIFT_OPTIMIZATION_LEVEL = "-Onone";
			};
			name = Debug;
		};
		946E164B24C8284E0060FB90 /* Release */ = {
			isa = XCBuildConfiguration;
			buildSettings = {
				ALWAYS_SEARCH_USER_PATHS = NO;
				CLANG_ANALYZER_NONNULL = YES;
				CLANG_ANALYZER_NUMBER_OBJECT_CONVERSION = YES_AGGRESSIVE;
				CLANG_CXX_LANGUAGE_STANDARD = "gnu++14";
				CLANG_CXX_LIBRARY = "libc++";
				CLANG_ENABLE_MODULES = YES;
				CLANG_ENABLE_OBJC_ARC = YES;
				CLANG_ENABLE_OBJC_WEAK = YES;
				CLANG_WARN_BLOCK_CAPTURE_AUTORELEASING = YES;
				CLANG_WARN_BOOL_CONVERSION = YES;
				CLANG_WARN_COMMA = YES;
				CLANG_WARN_CONSTANT_CONVERSION = YES;
				CLANG_WARN_DEPRECATED_OBJC_IMPLEMENTATIONS = YES;
				CLANG_WARN_DIRECT_OBJC_ISA_USAGE = YES_ERROR;
				CLANG_WARN_DOCUMENTATION_COMMENTS = YES;
				CLANG_WARN_EMPTY_BODY = YES;
				CLANG_WARN_ENUM_CONVERSION = YES;
				CLANG_WARN_INFINITE_RECURSION = YES;
				CLANG_WARN_INT_CONVERSION = YES;
				CLANG_WARN_NON_LITERAL_NULL_CONVERSION = YES;
				CLANG_WARN_OBJC_IMPLICIT_RETAIN_SELF = YES;
				CLANG_WARN_OBJC_LITERAL_CONVERSION = YES;
				CLANG_WARN_OBJC_ROOT_CLASS = YES_ERROR;
				CLANG_WARN_RANGE_LOOP_ANALYSIS = YES;
				CLANG_WARN_STRICT_PROTOTYPES = YES;
				CLANG_WARN_SUSPICIOUS_MOVE = YES;
				CLANG_WARN_UNGUARDED_AVAILABILITY = YES_AGGRESSIVE;
				CLANG_WARN_UNREACHABLE_CODE = YES;
				CLANG_WARN__DUPLICATE_METHOD_MATCH = YES;
				COPY_PHASE_STRIP = NO;
				DEBUG_INFORMATION_FORMAT = "dwarf-with-dsym";
				ENABLE_NS_ASSERTIONS = NO;
				ENABLE_STRICT_OBJC_MSGSEND = YES;
				GCC_C_LANGUAGE_STANDARD = gnu11;
				GCC_NO_COMMON_BLOCKS = YES;
				GCC_WARN_64_TO_32_BIT_CONVERSION = YES;
				GCC_WARN_ABOUT_RETURN_TYPE = YES_ERROR;
				GCC_WARN_UNDECLARED_SELECTOR = YES;
				GCC_WARN_UNINITIALIZED_AUTOS = YES_AGGRESSIVE;
				GCC_WARN_UNUSED_FUNCTION = YES;
				GCC_WARN_UNUSED_VARIABLE = YES;
				IPHONEOS_DEPLOYMENT_TARGET = 13.5;
				MTL_ENABLE_DEBUG_INFO = NO;
				MTL_FAST_MATH = YES;
				SDKROOT = iphoneos;
				SWIFT_COMPILATION_MODE = wholemodule;
				SWIFT_OPTIMIZATION_LEVEL = "-O";
				VALIDATE_PRODUCT = YES;
			};
			name = Release;
		};
		946E164D24C8284E0060FB90 /* Debug */ = {
			isa = XCBuildConfiguration;
			buildSettings = {
				ASSETCATALOG_COMPILER_APPICON_NAME = AppIcon;
				CODE_SIGN_STYLE = Automatic;
				DEVELOPMENT_TEAM = B636GYJ333;
				INFOPLIST_FILE = ExamApp2/Info.plist;
				LD_RUNPATH_SEARCH_PATHS = (
					"$(inherited)",
					"@executable_path/Frameworks",
				);
				PRODUCT_BUNDLE_IDENTIFIER = com.takeover.ExamApp2;
				PRODUCT_NAME = "$(TARGET_NAME)";
				SWIFT_VERSION = 5.0;
				TARGETED_DEVICE_FAMILY = "1,2";
			};
			name = Debug;
		};
		946E164E24C8284E0060FB90 /* Release */ = {
			isa = XCBuildConfiguration;
			buildSettings = {
				ASSETCATALOG_COMPILER_APPICON_NAME = AppIcon;
				CODE_SIGN_STYLE = Automatic;
				DEVELOPMENT_TEAM = B636GYJ333;
				INFOPLIST_FILE = ExamApp2/Info.plist;
				LD_RUNPATH_SEARCH_PATHS = (
					"$(inherited)",
					"@executable_path/Frameworks",
				);
				PRODUCT_BUNDLE_IDENTIFIER = com.takeover.ExamApp2;
				PRODUCT_NAME = "$(TARGET_NAME)";
				SWIFT_VERSION = 5.0;
				TARGETED_DEVICE_FAMILY = "1,2";
			};
			name = Release;
		};
/* End XCBuildConfiguration section */

/* Begin XCConfigurationList section */
		946E163324C8284A0060FB90 /* Build configuration list for PBXProject "ExamApp2" */ = {
			isa = XCConfigurationList;
			buildConfigurations = (
				946E164A24C8284E0060FB90 /* Debug */,
				946E164B24C8284E0060FB90 /* Release */,
			);
			defaultConfigurationIsVisible = 0;
			defaultConfigurationName = Release;
		};
		946E164C24C8284E0060FB90 /* Build configuration list for PBXNativeTarget "ExamApp2" */ = {
			isa = XCConfigurationList;
			buildConfigurations = (
				946E164D24C8284E0060FB90 /* Debug */,
				946E164E24C8284E0060FB90 /* Release */,
			);
			defaultConfigurationIsVisible = 0;
			defaultConfigurationName = Release;
		};
/* End XCConfigurationList section */
	};
	rootObject = 946E163024C8284A0060FB90 /* Project object */;
}
